
Microsoft Visual Studio Solution File, Format Version 12.00
# Visual Studio Version 17
VisualStudioVersion = 17.3.32929.385
MinimumVisualStudioVersion = 10.0.40219.1
Project("{9A19103F-16F7-4668-BE54-9A1E7A4F7556}") = "HotelComercy_WebAPI", "HotelComercy_WebAPI\HotelComercy_WebAPI.csproj", "{DDF61C0A-0C22-49B2-AFCD-16F0CD25B986}"
EndProject
Project("{FAE04EC0-301F-11D3-BF4B-00C04F79EFBC}") = "MagicVilla_Web", "MagicVilla_Web\MagicVilla_Web.csproj", "{19005A4E-49C2-4279-8E18-FD16163187A8}"
EndProject
Global
	GlobalSection(SolutionConfigurationPlatforms) = preSolution
		Debug|Any CPU = Debug|Any CPU
		Release|Any CPU = Release|Any CPU
	EndGlobalSection
	GlobalSection(ProjectConfigurationPlatforms) = postSolution
		{DDF61C0A-0C22-49B2-AFCD-16F0CD25B986}.Debug|Any CPU.ActiveCfg = Debug|Any CPU
		{DDF61C0A-0C22-49B2-AFCD-16F0CD25B986}.Debug|Any CPU.Build.0 = Debug|Any CPU
		{DDF61C0A-0C22-49B2-AFCD-16F0CD25B986}.Release|Any CPU.ActiveCfg = Release|Any CPU
		{DDF61C0A-0C22-49B2-AFCD-16F0CD25B986}.Release|Any CPU.Build.0 = Release|Any CPU
		{19005A4E-49C2-4279-8E18-FD16163187A8}.Debug|Any CPU.ActiveCfg = Debug|Any CPU
		{19005A4E-49C2-4279-8E18-FD16163187A8}.Debug|Any CPU.Build.0 = Debug|Any CPU
		{19005A4E-49C2-4279-8E18-FD16163187A8}.Release|Any CPU.ActiveCfg = Release|Any CPU
		{19005A4E-49C2-4279-8E18-FD16163187A8}.Release|Any CPU.Build.0 = Release|Any CPU
	EndGlobalSection
	GlobalSection(SolutionProperties) = preSolution
		HideSolutionNode = FALSE
	EndGlobalSection
	GlobalSection(ExtensibilityGlobals) = postSolution
		SolutionGuid = {755BC4B8-6BD5-472F-B3E0-FD21F1B35B72}
	EndGlobalSection
EndGlobal
